
Microsoft Visual Studio Solution File, Format Version 12.00
# Visual Studio 15
VisualStudioVersion = 15.0.27130.2010
MinimumVisualStudioVersion = 10.0.40219.1
Project("{9A19103F-16F7-4668-BE54-9A1E7A4F7556}") = "DutchTreat", "DutchTreat\DutchTreat.csproj", "{22ACB41D-7789-49B5-82F6-0BAD73A962C5}"
EndProject
Global
	GlobalSection(SolutionConfigurationPlatforms) = preSolution
		Debug|Any CPU = Debug|Any CPU
		Release|Any CPU = Release|Any CPU
	EndGlobalSection
	GlobalSection(ProjectConfigurationPlatforms) = postSolution
		{22ACB41D-7789-49B5-82F6-0BAD73A962C5}.Debug|Any CPU.ActiveCfg = Debug|Any CPU
		{22ACB41D-7789-49B5-82F6-0BAD73A962C5}.Debug|Any CPU.Build.0 = Debug|Any CPU
		{22ACB41D-7789-49B5-82F6-0BAD73A962C5}.Release|Any CPU.ActiveCfg = Release|Any CPU
		{22ACB41D-7789-49B5-82F6-0BAD73A962C5}.Release|Any CPU.Build.0 = Release|Any CPU
	EndGlobalSection
	GlobalSection(SolutionProperties) = preSolution
		HideSolutionNode = FALSE
	EndGlobalSection
	GlobalSection(ExtensibilityGlobals) = postSolution
		SolutionGuid = {6ED52D87-6E8A-4BAE-8586-F3E83853C0D7}
	EndGlobalSection
EndGlobal
